
Microsoft Visual Studio Solution File, Format Version 12.00
# Visual Studio 15
VisualStudioVersion = 15.0.28307.329
MinimumVisualStudioVersion = 10.0.40219.1
Project("{FAE04EC0-301F-11D3-BF4B-00C04F79EFBC}") = "producto2", "producto2\producto2.csproj", "{EEA075CC-C39A-4B8B-B964-907EC464A4C1}"
EndProject
Global
	GlobalSection(SolutionConfigurationPlatforms) = preSolution
		Debug|Any CPU = Debug|Any CPU
		Release|Any CPU = Release|Any CPU
	EndGlobalSection
	GlobalSection(ProjectConfigurationPlatforms) = postSolution
		{EEA075CC-C39A-4B8B-B964-907EC464A4C1}.Debug|Any CPU.ActiveCfg = Debug|Any CPU
		{EEA075CC-C39A-4B8B-B964-907EC464A4C1}.Debug|Any CPU.Build.0 = Debug|Any CPU
		{EEA075CC-C39A-4B8B-B964-907EC464A4C1}.Release|Any CPU.ActiveCfg = Release|Any CPU
		{EEA075CC-C39A-4B8B-B964-907EC464A4C1}.Release|Any CPU.Build.0 = Release|Any CPU
	EndGlobalSection
	GlobalSection(SolutionProperties) = preSolution
		HideSolutionNode = FALSE
	EndGlobalSection
	GlobalSection(ExtensibilityGlobals) = postSolution
		SolutionGuid = {7576731B-C836-42A9-A5F2-DCAC8616E637}
	EndGlobalSection
EndGlobal
